
Microsoft Visual Studio Solution File, Format Version 12.00
# Visual Studio Version 17
VisualStudioVersion = 17.6.33829.357
MinimumVisualStudioVersion = 10.0.40219.1
Project("{FAE04EC0-301F-11D3-BF4B-00C04F79EFBC}") = "WebApi", "WebApi\WebApi.csproj", "{66456A4B-75ED-42CE-9BDA-35FF692B1337}"
EndProject
Project("{FAE04EC0-301F-11D3-BF4B-00C04F79EFBC}") = "Domain", "Domain\Domain.csproj", "{71A91014-53DE-4956-A190-FAF9DABF160E}"
EndProject
Project("{FAE04EC0-301F-11D3-BF4B-00C04F79EFBC}") = "Infrastructure", "Infrastructure\Infrastructure.csproj", "{5FBEB627-C920-4FB4-8DBD-80BBD9A7325E}"
EndProject
Project("{FAE04EC0-301F-11D3-BF4B-00C04F79EFBC}") = "Application", "Application\Application.csproj", "{F4C95488-073B-4BC0-AEA5-99EA161A8213}"
EndProject
Global
	GlobalSection(SolutionConfigurationPlatforms) = preSolution
		Debug|Any CPU = Debug|Any CPU
		Release|Any CPU = Release|Any CPU
	EndGlobalSection
	GlobalSection(ProjectConfigurationPlatforms) = postSolution
		{66456A4B-75ED-42CE-9BDA-35FF692B1337}.Debug|Any CPU.ActiveCfg = Debug|Any CPU
		{66456A4B-75ED-42CE-9BDA-35FF692B1337}.Debug|Any CPU.Build.0 = Debug|Any CPU
		{66456A4B-75ED-42CE-9BDA-35FF692B1337}.Release|Any CPU.ActiveCfg = Release|Any CPU
		{66456A4B-75ED-42CE-9BDA-35FF692B1337}.Release|Any CPU.Build.0 = Release|Any CPU
		{71A91014-53DE-4956-A190-FAF9DABF160E}.Debug|Any CPU.ActiveCfg = Debug|Any CPU
		{71A91014-53DE-4956-A190-FAF9DABF160E}.Debug|Any CPU.Build.0 = Debug|Any CPU
		{71A91014-53DE-4956-A190-FAF9DABF160E}.Release|Any CPU.ActiveCfg = Release|Any CPU
		{71A91014-53DE-4956-A190-FAF9DABF160E}.Release|Any CPU.Build.0 = Release|Any CPU
		{5FBEB627-C920-4FB4-8DBD-80BBD9A7325E}.Debug|Any CPU.ActiveCfg = Debug|Any CPU
		{5FBEB627-C920-4FB4-8DBD-80BBD9A7325E}.Debug|Any CPU.Build.0 = Debug|Any CPU
		{5FBEB627-C920-4FB4-8DBD-80BBD9A7325E}.Release|Any CPU.ActiveCfg = Release|Any CPU
		{5FBEB627-C920-4FB4-8DBD-80BBD9A7325E}.Release|Any CPU.Build.0 = Release|Any CPU
		{F4C95488-073B-4BC0-AEA5-99EA161A8213}.Debug|Any CPU.ActiveCfg = Debug|Any CPU
		{F4C95488-073B-4BC0-AEA5-99EA161A8213}.Debug|Any CPU.Build.0 = Debug|Any CPU
		{F4C95488-073B-4BC0-AEA5-99EA161A8213}.Release|Any CPU.ActiveCfg = Release|Any CPU
		{F4C95488-073B-4BC0-AEA5-99EA161A8213}.Release|Any CPU.Build.0 = Release|Any CPU
	EndGlobalSection
	GlobalSection(SolutionProperties) = preSolution
		HideSolutionNode = FALSE
	EndGlobalSection
	GlobalSection(ExtensibilityGlobals) = postSolution
		SolutionGuid = {4B16E8CD-ACE0-48AC-90FC-7EA631EA73DC}
	EndGlobalSection
EndGlobal
